
Microsoft Visual Studio Solution File, Format Version 12.00
# Visual Studio Version 17
VisualStudioVersion = 17.11.35303.130
MinimumVisualStudioVersion = 10.0.40219.1
Project("{FAE04EC0-301F-11D3-BF4B-00C04F79EFBC}") = "ShootingGame", "ShootingGame.csproj", "{522F1757-0706-4870-8168-A20BDE53A2DD}"
EndProject
Global
	GlobalSection(SolutionConfigurationPlatforms) = preSolution
		Debug|Any CPU = Debug|Any CPU
		Release|Any CPU = Release|Any CPU
	EndGlobalSection
	GlobalSection(ProjectConfigurationPlatforms) = postSolution
		{522F1757-0706-4870-8168-A20BDE53A2DD}.Debug|Any CPU.ActiveCfg = Debug|Any CPU
		{522F1757-0706-4870-8168-A20BDE53A2DD}.Debug|Any CPU.Build.0 = Debug|Any CPU
		{522F1757-0706-4870-8168-A20BDE53A2DD}.Release|Any CPU.ActiveCfg = Release|Any CPU
		{522F1757-0706-4870-8168-A20BDE53A2DD}.Release|Any CPU.Build.0 = Release|Any CPU
	EndGlobalSection
	GlobalSection(SolutionProperties) = preSolution
		HideSolutionNode = FALSE
	EndGlobalSection
	GlobalSection(ExtensibilityGlobals) = postSolution
		SolutionGuid = {D1FF6C18-1DB8-4B84-BF8F-3D53CD44E14C}
	EndGlobalSection
EndGlobal
